
Microsoft Visual Studio Solution File, Format Version 12.00
# Visual Studio Version 17
VisualStudioVersion = 17.4.33205.214
MinimumVisualStudioVersion = 10.0.40219.1
Project("{FAE04EC0-301F-11D3-BF4B-00C04F79EFBC}") = "ReactAspNet", "ReactAspNet\ReactAspNet.csproj", "{B0CD4EE7-D2D8-4B07-A90B-AE65B08D3332}"
EndProject
Global
	GlobalSection(SolutionConfigurationPlatforms) = preSolution
		Debug|Any CPU = Debug|Any CPU
		Release|Any CPU = Release|Any CPU
	EndGlobalSection
	GlobalSection(ProjectConfigurationPlatforms) = postSolution
		{B0CD4EE7-D2D8-4B07-A90B-AE65B08D3332}.Debug|Any CPU.ActiveCfg = Debug|Any CPU
		{B0CD4EE7-D2D8-4B07-A90B-AE65B08D3332}.Debug|Any CPU.Build.0 = Debug|Any CPU
		{B0CD4EE7-D2D8-4B07-A90B-AE65B08D3332}.Release|Any CPU.ActiveCfg = Release|Any CPU
		{B0CD4EE7-D2D8-4B07-A90B-AE65B08D3332}.Release|Any CPU.Build.0 = Release|Any CPU
	EndGlobalSection
	GlobalSection(SolutionProperties) = preSolution
		HideSolutionNode = FALSE
	EndGlobalSection
	GlobalSection(ExtensibilityGlobals) = postSolution
		SolutionGuid = {B2AA81D5-91F7-41FA-B48B-96D96E2D2ADC}
	EndGlobalSection
EndGlobal
